
Microsoft Visual Studio Solution File, Format Version 12.00
# Visual Studio Version 17
VisualStudioVersion = 17.14.36518.9 d17.14
MinimumVisualStudioVersion = 10.0.40219.1
Project("{FAE04EC0-301F-11D3-BF4B-00C04F79EFBC}") = "BatchNwcExport", "BatchNwcExport.csproj", "{F275CF72-0DCB-CDFB-2293-8123AA8A85D7}"
EndProject
Global
	GlobalSection(SolutionConfigurationPlatforms) = preSolution
		Debug|Any CPU = Debug|Any CPU
		Release|Any CPU = Release|Any CPU
	EndGlobalSection
	GlobalSection(ProjectConfigurationPlatforms) = postSolution
		{F275CF72-0DCB-CDFB-2293-8123AA8A85D7}.Debug|Any CPU.ActiveCfg = Debug|Any CPU
		{F275CF72-0DCB-CDFB-2293-8123AA8A85D7}.Debug|Any CPU.Build.0 = Debug|Any CPU
		{F275CF72-0DCB-CDFB-2293-8123AA8A85D7}.Release|Any CPU.ActiveCfg = Release|Any CPU
		{F275CF72-0DCB-CDFB-2293-8123AA8A85D7}.Release|Any CPU.Build.0 = Release|Any CPU
	EndGlobalSection
	GlobalSection(SolutionProperties) = preSolution
		HideSolutionNode = FALSE
	EndGlobalSection
	GlobalSection(ExtensibilityGlobals) = postSolution
		SolutionGuid = {2742E635-5E9C-48AE-8907-AD5B445367F8}
	EndGlobalSection
EndGlobal
